{
  "name": "custom-example",
  "version": "1.0.0",
  "lockfileVersion": 2,
  "requires": true,
  "packages": {
    "": {
      "name": "custom-example",
      "version": "1.0.0",
      "license": "MIT",
      "dependencies": {
        "borkfuscator": "file:../../packages/borkfuscator"
      }
    },
    "../../packages/borkfuscator": {
      "version": "0.0.6",
      "license": "MIT"
    },
    "node_modules/borkfuscator": {
      "resolved": "../../packages/borkfuscator",
      "link": true
    }
  },
  "dependencies": {
    "borkfuscator": {
      "version": "file:../../packages/borkfuscator"
    }
  }
}
